{
    "compatTestCompile": {
        "org.spockframework:spock-core": {
            "locked": "1.1-groovy-2.4",
            "requested": "1.1-groovy-2.4"
        }
    },
    "compatTestCompileClasspath": {
        "org.spockframework:spock-core": {
            "locked": "1.1-groovy-2.4",
            "requested": "1.1-groovy-2.4"
        }
    },
    "compatTestRuntime": {
        "org.spockframework:spock-core": {
            "locked": "1.1-groovy-2.4",
            "requested": "1.1-groovy-2.4"
        }
    },
    "compatTestRuntimeClasspath": {
        "org.spockframework:spock-core": {
            "locked": "1.1-groovy-2.4",
            "requested": "1.1-groovy-2.4"
        }
    },
    "compile": {
        "com.fasterxml.jackson.core:jackson-databind": {
            "locked": "2.9.5",
            "requested": "+"
        }
    },
    "compileClasspath": {
        "com.fasterxml.jackson.core:jackson-databind": {
            "locked": "2.9.5",
            "requested": "+"
        }
    },
    "default": {
        "com.fasterxml.jackson.core:jackson-databind": {
            "locked": "2.9.5",
            "requested": "+"
        }
    },
    "runtime": {
        "com.fasterxml.jackson.core:jackson-databind": {
            "locked": "2.9.5",
            "requested": "+"
        }
    },
    "runtimeClasspath": {
        "com.fasterxml.jackson.core:jackson-databind": {
            "locked": "2.9.5",
            "requested": "+"
        }
    },
    "testCompile": {
        "com.fasterxml.jackson.core:jackson-databind": {
            "locked": "2.9.5",
            "requested": "+"
        }
    },
    "testCompileClasspath": {
        "com.fasterxml.jackson.core:jackson-databind": {
            "locked": "2.9.5",
            "requested": "+"
        }
    },
    "testRuntime": {
        "com.fasterxml.jackson.core:jackson-databind": {
            "locked": "2.9.5",
            "requested": "+"
        }
    },
    "testRuntimeClasspath": {
        "com.fasterxml.jackson.core:jackson-databind": {
            "locked": "2.9.5",
            "requested": "+"
        }
    }
}